Microsoft Visual Studio Solution File, Format Version 12.00
# Visual Studio 15
VisualStudioVersion = 15.0.26124.0
MinimumVisualStudioVersion = 15.0.26124.0
Project("{9A19103F-16F7-4668-BE54-9A1E7A4F7556}") = "Config", "Config\Config.csproj", "{7EFB06DF-BFCC-4C0A-952C-15883AA0C4B6}"
EndProject
Project("{9A19103F-16F7-4668-BE54-9A1E7A4F7556}") = "CSVParser", "CsvParser\CsvParser.csproj", "{D5EBAC1D-018B-4582-A52F-E99B4ABA6657}"
EndProject
Project("{9A19103F-16F7-4668-BE54-9A1E7A4F7556}") = "ConnectedComponents", "ConnectedComponents\ConnectedComponents.csproj", "{0976C86F-8DED-438C-AA8E-2E6E33894DA7}"
EndProject
Project("{9A19103F-16F7-4668-BE54-9A1E7A4F7556}") = "SampleHandlerLib", "SampleHandlerLib\SampleHandlerLib.csproj", "{316346DD-0466-449C-8FEC-BF0C519633E7}"
EndProject
Project("{9A19103F-16F7-4668-BE54-9A1E7A4F7556}") = "NearestNeighbourLib", "NearestNeighbourLib\NearestNeighbourLib.csproj", "{0420CEB3-10E6-44D0-920B-FA91268B9912}"
EndProject
Global
	GlobalSection(SolutionConfigurationPlatforms) = preSolution
		Debug|Any CPU = Debug|Any CPU
		Debug|x64 = Debug|x64
		Debug|x86 = Debug|x86
		Release|Any CPU = Release|Any CPU
		Release|x64 = Release|x64
		Release|x86 = Release|x86
	EndGlobalSection
	GlobalSection(ProjectConfigurationPlatforms) = postSolution
		{7EFB06DF-BFCC-4C0A-952C-15883AA0C4B6}.Debug|Any CPU.ActiveCfg = Debug|Any CPU
		{7EFB06DF-BFCC-4C0A-952C-15883AA0C4B6}.Debug|Any CPU.Build.0 = Debug|Any CPU
		{7EFB06DF-BFCC-4C0A-952C-15883AA0C4B6}.Debug|x64.ActiveCfg = Debug|Any CPU
		{7EFB06DF-BFCC-4C0A-952C-15883AA0C4B6}.Debug|x64.Build.0 = Debug|Any CPU
		{7EFB06DF-BFCC-4C0A-952C-15883AA0C4B6}.Debug|x86.ActiveCfg = Debug|Any CPU
		{7EFB06DF-BFCC-4C0A-952C-15883AA0C4B6}.Debug|x86.Build.0 = Debug|Any CPU
		{7EFB06DF-BFCC-4C0A-952C-15883AA0C4B6}.Release|Any CPU.ActiveCfg = Release|Any CPU
		{7EFB06DF-BFCC-4C0A-952C-15883AA0C4B6}.Release|Any CPU.Build.0 = Release|Any CPU
		{7EFB06DF-BFCC-4C0A-952C-15883AA0C4B6}.Release|x64.ActiveCfg = Release|Any CPU
		{7EFB06DF-BFCC-4C0A-952C-15883AA0C4B6}.Release|x64.Build.0 = Release|Any CPU
		{7EFB06DF-BFCC-4C0A-952C-15883AA0C4B6}.Release|x86.ActiveCfg = Release|Any CPU
		{7EFB06DF-BFCC-4C0A-952C-15883AA0C4B6}.Release|x86.Build.0 = Release|Any CPU
		{D5EBAC1D-018B-4582-A52F-E99B4ABA6657}.Debug|Any CPU.ActiveCfg = Debug|Any CPU
		{D5EBAC1D-018B-4582-A52F-E99B4ABA6657}.Debug|Any CPU.Build.0 = Debug|Any CPU
		{D5EBAC1D-018B-4582-A52F-E99B4ABA6657}.Debug|x64.ActiveCfg = Debug|Any CPU
		{D5EBAC1D-018B-4582-A52F-E99B4ABA6657}.Debug|x64.Build.0 = Debug|Any CPU
		{D5EBAC1D-018B-4582-A52F-E99B4ABA6657}.Debug|x86.ActiveCfg = Debug|Any CPU
		{D5EBAC1D-018B-4582-A52F-E99B4ABA6657}.Debug|x86.Build.0 = Debug|Any CPU
		{D5EBAC1D-018B-4582-A52F-E99B4ABA6657}.Release|Any CPU.ActiveCfg = Release|Any CPU
		{D5EBAC1D-018B-4582-A52F-E99B4ABA6657}.Release|Any CPU.Build.0 = Release|Any CPU
		{D5EBAC1D-018B-4582-A52F-E99B4ABA6657}.Release|x64.ActiveCfg = Release|Any CPU
		{D5EBAC1D-018B-4582-A52F-E99B4ABA6657}.Release|x64.Build.0 = Release|Any CPU
		{D5EBAC1D-018B-4582-A52F-E99B4ABA6657}.Release|x86.ActiveCfg = Release|Any CPU
		{D5EBAC1D-018B-4582-A52F-E99B4ABA6657}.Release|x86.Build.0 = Release|Any CPU
		{0976C86F-8DED-438C-AA8E-2E6E33894DA7}.Debug|Any CPU.ActiveCfg = Debug|Any CPU
		{0976C86F-8DED-438C-AA8E-2E6E33894DA7}.Debug|Any CPU.Build.0 = Debug|Any CPU
		{0976C86F-8DED-438C-AA8E-2E6E33894DA7}.Debug|x64.ActiveCfg = Debug|Any CPU
		{0976C86F-8DED-438C-AA8E-2E6E33894DA7}.Debug|x64.Build.0 = Debug|Any CPU
		{0976C86F-8DED-438C-AA8E-2E6E33894DA7}.Debug|x86.ActiveCfg = Debug|Any CPU
		{0976C86F-8DED-438C-AA8E-2E6E33894DA7}.Debug|x86.Build.0 = Debug|Any CPU
		{0976C86F-8DED-438C-AA8E-2E6E33894DA7}.Release|Any CPU.ActiveCfg = Release|Any CPU
		{0976C86F-8DED-438C-AA8E-2E6E33894DA7}.Release|Any CPU.Build.0 = Release|Any CPU
		{0976C86F-8DED-438C-AA8E-2E6E33894DA7}.Release|x64.ActiveCfg = Release|Any CPU
		{0976C86F-8DED-438C-AA8E-2E6E33894DA7}.Release|x64.Build.0 = Release|Any CPU
		{0976C86F-8DED-438C-AA8E-2E6E33894DA7}.Release|x86.ActiveCfg = Release|Any CPU
		{0976C86F-8DED-438C-AA8E-2E6E33894DA7}.Release|x86.Build.0 = Release|Any CPU
		{316346DD-0466-449C-8FEC-BF0C519633E7}.Debug|Any CPU.ActiveCfg = Debug|Any CPU
		{316346DD-0466-449C-8FEC-BF0C519633E7}.Debug|Any CPU.Build.0 = Debug|Any CPU
		{316346DD-0466-449C-8FEC-BF0C519633E7}.Debug|x64.ActiveCfg = Debug|Any CPU
		{316346DD-0466-449C-8FEC-BF0C519633E7}.Debug|x64.Build.0 = Debug|Any CPU
		{316346DD-0466-449C-8FEC-BF0C519633E7}.Debug|x86.ActiveCfg = Debug|Any CPU
		{316346DD-0466-449C-8FEC-BF0C519633E7}.Debug|x86.Build.0 = Debug|Any CPU
		{316346DD-0466-449C-8FEC-BF0C519633E7}.Release|Any CPU.ActiveCfg = Release|Any CPU
		{316346DD-0466-449C-8FEC-BF0C519633E7}.Release|Any CPU.Build.0 = Release|Any CPU
		{316346DD-0466-449C-8FEC-BF0C519633E7}.Release|x64.ActiveCfg = Release|Any CPU
		{316346DD-0466-449C-8FEC-BF0C519633E7}.Release|x64.Build.0 = Release|Any CPU
		{316346DD-0466-449C-8FEC-BF0C519633E7}.Release|x86.ActiveCfg = Release|Any CPU
		{316346DD-0466-449C-8FEC-BF0C519633E7}.Release|x86.Build.0 = Release|Any CPU
		{0420CEB3-10E6-44D0-920B-FA91268B9912}.Debug|Any CPU.ActiveCfg = Debug|Any CPU
		{0420CEB3-10E6-44D0-920B-FA91268B9912}.Debug|Any CPU.Build.0 = Debug|Any CPU
		{0420CEB3-10E6-44D0-920B-FA91268B9912}.Debug|x64.ActiveCfg = Debug|Any CPU
		{0420CEB3-10E6-44D0-920B-FA91268B9912}.Debug|x64.Build.0 = Debug|Any CPU
		{0420CEB3-10E6-44D0-920B-FA91268B9912}.Debug|x86.ActiveCfg = Debug|Any CPU
		{0420CEB3-10E6-44D0-920B-FA91268B9912}.Debug|x86.Build.0 = Debug|Any CPU
		{0420CEB3-10E6-44D0-920B-FA91268B9912}.Release|Any CPU.ActiveCfg = Release|Any CPU
		{0420CEB3-10E6-44D0-920B-FA91268B9912}.Release|Any CPU.Build.0 = Release|Any CPU
		{0420CEB3-10E6-44D0-920B-FA91268B9912}.Release|x64.ActiveCfg = Release|Any CPU
		{0420CEB3-10E6-44D0-920B-FA91268B9912}.Release|x64.Build.0 = Release|Any CPU
		{0420CEB3-10E6-44D0-920B-FA91268B9912}.Release|x86.ActiveCfg = Release|Any CPU
		{0420CEB3-10E6-44D0-920B-FA91268B9912}.Release|x86.Build.0 = Release|Any CPU
	EndGlobalSection
	GlobalSection(SolutionProperties) = preSolution
		HideSolutionNode = FALSE
	EndGlobalSection
	GlobalSection(ExtensibilityGlobals) = postSolution
		SolutionGuid = {A6332800-CC85-43DF-A47A-636DF0BC1560}
	EndGlobalSection
EndGlobal
